
Microsoft Visual Studio Solution File, Format Version 12.00
# Visual Studio Version 17
VisualStudioVersion = 17.14.37111.16
MinimumVisualStudioVersion = 10.0.40219.1
Project("{FAE04EC0-301F-11D3-BF4B-00C04F79EFBC}") = "FinPlan.Web", "FinPlan.Web.csproj", "{30AFAC5A-6CDB-4D6E-8058-CD04976D7BC5}"
EndProject
Global
	GlobalSection(SolutionConfigurationPlatforms) = preSolution
		Debug|Any CPU = Debug|Any CPU
		Release|Any CPU = Release|Any CPU
	EndGlobalSection
	GlobalSection(ProjectConfigurationPlatforms) = postSolution
		{30AFAC5A-6CDB-4D6E-8058-CD04976D7BC5}.Debug|Any CPU.ActiveCfg = Debug|Any CPU
		{30AFAC5A-6CDB-4D6E-8058-CD04976D7BC5}.Debug|Any CPU.Build.0 = Debug|Any CPU
		{30AFAC5A-6CDB-4D6E-8058-CD04976D7BC5}.Release|Any CPU.ActiveCfg = Release|Any CPU
		{30AFAC5A-6CDB-4D6E-8058-CD04976D7BC5}.Release|Any CPU.Build.0 = Release|Any CPU
	EndGlobalSection
	GlobalSection(SolutionProperties) = preSolution
		HideSolutionNode = FALSE
	EndGlobalSection
	GlobalSection(ExtensibilityGlobals) = postSolution
		SolutionGuid = {6E09BEA0-084D-4E87-AB0B-57653FA5FC1B}
	EndGlobalSection
EndGlobal
